
Microsoft Visual Studio Solution File, Format Version 12.00
# Visual Studio 15
VisualStudioVersion = 15.0.26730.16
MinimumVisualStudioVersion = 10.0.40219.1
Project("{FAE04EC0-301F-11D3-BF4B-00C04F79EFBC}") = "History_VAR", "History_VAR\History_VAR.csproj", "{AB8A5BAA-17D3-4DEC-9E5D-C57BD9C21EB1}"
EndProject
Global
	GlobalSection(SolutionConfigurationPlatforms) = preSolution
		Debug|Any CPU = Debug|Any CPU
		Release|Any CPU = Release|Any CPU
	EndGlobalSection
	GlobalSection(ProjectConfigurationPlatforms) = postSolution
		{AB8A5BAA-17D3-4DEC-9E5D-C57BD9C21EB1}.Debug|Any CPU.ActiveCfg = Debug|Any CPU
		{AB8A5BAA-17D3-4DEC-9E5D-C57BD9C21EB1}.Debug|Any CPU.Build.0 = Debug|Any CPU
		{AB8A5BAA-17D3-4DEC-9E5D-C57BD9C21EB1}.Release|Any CPU.ActiveCfg = Release|Any CPU
		{AB8A5BAA-17D3-4DEC-9E5D-C57BD9C21EB1}.Release|Any CPU.Build.0 = Release|Any CPU
	EndGlobalSection
	GlobalSection(SolutionProperties) = preSolution
		HideSolutionNode = FALSE
	EndGlobalSection
	GlobalSection(ExtensibilityGlobals) = postSolution
		SolutionGuid = {FC122859-DA42-4489-B141-794A64F5114D}
	EndGlobalSection
EndGlobal
